
Microsoft Visual Studio Solution File, Format Version 12.00
# Visual Studio Version 17
VisualStudioVersion = 17.9.34728.123
MinimumVisualStudioVersion = 10.0.40219.1
Project("{9A19103F-16F7-4668-BE54-9A1E7A4F7556}") = "BlazingPizza", "BlazingPizza\BlazingPizza.csproj", "{84116D2B-A546-47A0-8CB5-20D7A319D77E}"
EndProject
Global
	GlobalSection(SolutionConfigurationPlatforms) = preSolution
		Debug|Any CPU = Debug|Any CPU
		Release|Any CPU = Release|Any CPU
	EndGlobalSection
	GlobalSection(ProjectConfigurationPlatforms) = postSolution
		{84116D2B-A546-47A0-8CB5-20D7A319D77E}.Debug|Any CPU.ActiveCfg = Debug|Any CPU
		{84116D2B-A546-47A0-8CB5-20D7A319D77E}.Debug|Any CPU.Build.0 = Debug|Any CPU
		{84116D2B-A546-47A0-8CB5-20D7A319D77E}.Release|Any CPU.ActiveCfg = Release|Any CPU
		{84116D2B-A546-47A0-8CB5-20D7A319D77E}.Release|Any CPU.Build.0 = Release|Any CPU
	EndGlobalSection
	GlobalSection(SolutionProperties) = preSolution
		HideSolutionNode = FALSE
	EndGlobalSection
	GlobalSection(ExtensibilityGlobals) = postSolution
		SolutionGuid = {34987852-96C3-4F8A-A0CA-D89B11FCEC37}
	EndGlobalSection
EndGlobal
